
Microsoft Visual Studio Solution File, Format Version 10.00
# Visual Studio 2008
Project("{F14B399A-7131-4C87-9E4B-1186C45EF12D}") = "ALERT_REPORTS", "AD GROUP TREND\ALERT_REPORTS.rptproj", "{269DB6C7-210B-49FA-8971-9E33CEE2F37E}"
EndProject
Global
	GlobalSection(SolutionConfigurationPlatforms) = preSolution
		Debug|Default = Debug|Default
		DebugLocal|Default = DebugLocal|Default
		Release|Default = Release|Default
	EndGlobalSection
	GlobalSection(ProjectConfigurationPlatforms) = postSolution
		{269DB6C7-210B-49FA-8971-9E33CEE2F37E}.Debug|Default.ActiveCfg = Debug
		{269DB6C7-210B-49FA-8971-9E33CEE2F37E}.Debug|Default.Build.0 = DebugLocal
		{269DB6C7-210B-49FA-8971-9E33CEE2F37E}.Debug|Default.Deploy.0 = DebugLocal
		{269DB6C7-210B-49FA-8971-9E33CEE2F37E}.DebugLocal|Default.ActiveCfg = DebugLocal
		{269DB6C7-210B-49FA-8971-9E33CEE2F37E}.DebugLocal|Default.Build.0 = DebugLocal
		{269DB6C7-210B-49FA-8971-9E33CEE2F37E}.Release|Default.ActiveCfg = Release
		{269DB6C7-210B-49FA-8971-9E33CEE2F37E}.Release|Default.Build.0 = Release
		{269DB6C7-210B-49FA-8971-9E33CEE2F37E}.Release|Default.Deploy.0 = Release
	EndGlobalSection
	GlobalSection(SolutionProperties) = preSolution
		HideSolutionNode = FALSE
	EndGlobalSection
EndGlobal
