
Microsoft Visual Studio Solution File, Format Version 10.00
# Visual Studio 2008
Project("{F14B399A-7131-4C87-9E4B-1186C45EF12D}") = "EasyForexReports", "easyforexWeeklyReport\EasyForexReports.rptproj", "{F20C9C6D-EB67-4B4A-9A1F-D273867F7105}"
EndProject
Global
	GlobalSection(SolutionConfigurationPlatforms) = preSolution
		Debug|Default = Debug|Default
		DebugLocal|Default = DebugLocal|Default
		Release|Default = Release|Default
	EndGlobalSection
	GlobalSection(ProjectConfigurationPlatforms) = postSolution
		{F20C9C6D-EB67-4B4A-9A1F-D273867F7105}.Debug|Default.ActiveCfg = Debug
		{F20C9C6D-EB67-4B4A-9A1F-D273867F7105}.Debug|Default.Build.0 = DebugLocal
		{F20C9C6D-EB67-4B4A-9A1F-D273867F7105}.Debug|Default.Deploy.0 = DebugLocal
		{F20C9C6D-EB67-4B4A-9A1F-D273867F7105}.DebugLocal|Default.ActiveCfg = DebugLocal
		{F20C9C6D-EB67-4B4A-9A1F-D273867F7105}.DebugLocal|Default.Build.0 = DebugLocal
		{F20C9C6D-EB67-4B4A-9A1F-D273867F7105}.Release|Default.ActiveCfg = Release
		{F20C9C6D-EB67-4B4A-9A1F-D273867F7105}.Release|Default.Build.0 = Release
		{F20C9C6D-EB67-4B4A-9A1F-D273867F7105}.Release|Default.Deploy.0 = Release
	EndGlobalSection
	GlobalSection(SolutionProperties) = preSolution
		HideSolutionNode = FALSE
	EndGlobalSection
EndGlobal
